
Microsoft Visual Studio Solution File, Format Version 12.00
# Visual Studio Version 16
VisualStudioVersion = 16.0.30717.126
MinimumVisualStudioVersion = 10.0.40219.1
Project("{FAE04EC0-301F-11D3-BF4B-00C04F79EFBC}") = "SimpleNotepad", "SimpleNotepad\SimpleNotepad.csproj", "{AF87D597-D60E-4DEC-B23E-8E17138B2B1E}"
EndProject
Global
	GlobalSection(SolutionConfigurationPlatforms) = preSolution
		Debug|Any CPU = Debug|Any CPU
		Release|Any CPU = Release|Any CPU
	EndGlobalSection
	GlobalSection(ProjectConfigurationPlatforms) = postSolution
		{AF87D597-D60E-4DEC-B23E-8E17138B2B1E}.Debug|Any CPU.ActiveCfg = Debug|Any CPU
		{AF87D597-D60E-4DEC-B23E-8E17138B2B1E}.Debug|Any CPU.Build.0 = Debug|Any CPU
		{AF87D597-D60E-4DEC-B23E-8E17138B2B1E}.Release|Any CPU.ActiveCfg = Release|Any CPU
		{AF87D597-D60E-4DEC-B23E-8E17138B2B1E}.Release|Any CPU.Build.0 = Release|Any CPU
	EndGlobalSection
	GlobalSection(SolutionProperties) = preSolution
		HideSolutionNode = FALSE
	EndGlobalSection
	GlobalSection(ExtensibilityGlobals) = postSolution
		SolutionGuid = {36DDF5BB-86F8-4C85-8EF6-942EC0C5AC6D}
	EndGlobalSection
EndGlobal
